// !$*UTF8*$!
{
	archiveVersion = 1;
	classes = {
	};
	objectVersion = 56;
	objects = {

/* Begin PBXBuildFile section */
		BA0EE87B2A8258BB005361D6 /* MainCollectionReusableView.swift in Sources */ = {isa = PBXBuildFile; fileRef = BA0EE87A2A8258BB005361D6 /* MainCollectionReusableView.swift */; };
		BA0EE87E2A826B18005361D6 /* UIImage + Extension.swift in Sources */ = {isa = PBXBuildFile; fileRef = BA0EE87D2A826B18005361D6 /* UIImage + Extension.swift */; };
		BAEFFFC22A802DC700AA1E80 /* AppDelegate.swift in Sources */ = {isa = PBXBuildFile; fileRef = BAEFFFC12A802DC700AA1E80 /* AppDelegate.swift */; };
		BAEFFFC42A802DC700AA1E80 /* SceneDelegate.swift in Sources */ = {isa = PBXBuildFile; fileRef = BAEFFFC32A802DC700AA1E80 /* SceneDelegate.swift */; };
		BAEFFFC62A802DC700AA1E80 /* ViewController.swift in Sources */ = {isa = PBXBuildFile; fileRef = BAEFFFC52A802DC700AA1E80 /* ViewController.swift */; };
		BAEFFFC92A802DC700AA1E80 /* Main.storyboard in Resources */ = {isa = PBXBuildFile; fileRef = BAEFFFC72A802DC700AA1E80 /* Main.storyboard */; };
		BAEFFFCB2A802DC900AA1E80 /* Assets.xcassets in Resources */ = {isa = PBXBuildFile; fileRef = BAEFFFCA2A802DC900AA1E80 /* Assets.xcassets */; };
		BAEFFFCE2A802DC900AA1E80 /* LaunchScreen.storyboard in Resources */ = {isa = PBXBuildFile; fileRef = BAEFFFCC2A802DC900AA1E80 /* LaunchScreen.storyboard */; };
		BAEFFFE22A803CC800AA1E80 /* MainCollectionCell.swift in Sources */ = {isa = PBXBuildFile; fileRef = BAEFFFE12A803CC800AA1E80 /* MainCollectionCell.swift */; };
/* End PBXBuildFile section */

/* Begin PBXFileReference section */
		BA0EE87A2A8258BB005361D6 /* MainCollectionReusableView.swift */ = {isa = PBXFileReference; lastKnownFileType = sourcecode.swift; path = MainCollectionReusableView.swift; sourceTree = "<group>"; };
		BA0EE87D2A826B18005361D6 /* UIImage + Extension.swift */ = {isa = PBXFileReference; lastKnownFileType = sourcecode.swift; path = "UIImage + Extension.swift"; sourceTree = "<group>"; };
		BAEFFFBE2A802DC700AA1E80 /* CollectionView_Practice.app */ = {isa = PBXFileReference; explicitFileType = wrapper.application; includeInIndex = 0; path = CollectionView_Practice.app; sourceTree = BUILT_PRODUCTS_DIR; };
		BAEFFFC12A802DC700AA1E80 /* AppDelegate.swift */ = {isa = PBXFileReference; lastKnownFileType = sourcecode.swift; path = AppDelegate.swift; sourceTree = "<group>"; };
		BAEFFFC32A802DC700AA1E80 /* SceneDelegate.swift */ = {isa = PBXFileReference; lastKnownFileType = sourcecode.swift; path = SceneDelegate.swift; sourceTree = "<group>"; };
		BAEFFFC52A802DC700AA1E80 /* ViewController.swift */ = {isa = PBXFileReference; lastKnownFileType = sourcecode.swift; path = ViewController.swift; sourceTree = "<group>"; };
		BAEFFFC82A802DC700AA1E80 /* Base */ = {isa = PBXFileReference; lastKnownFileType = file.storyboard; name = Base; path = Base.lproj/Main.storyboard; sourceTree = "<group>"; };
		BAEFFFCA2A802DC900AA1E80 /* Assets.xcassets */ = {isa = PBXFileReference; lastKnownFileType = folder.assetcatalog; path = Assets.xcassets; sourceTree = "<group>"; };
		BAEFFFCD2A802DC900AA1E80 /* Base */ = {isa = PBXFileReference; lastKnownFileType = file.storyboard; name = Base; path = Base.lproj/LaunchScreen.storyboard; sourceTree = "<group>"; };
		BAEFFFCF2A802DC900AA1E80 /* Info.plist */ = {isa = PBXFileReference; lastKnownFileType = text.plist.xml; path = Info.plist; sourceTree = "<group>"; };
		BAEFFFE12A803CC800AA1E80 /* MainCollectionCell.swift */ = {isa = PBXFileReference; lastKnownFileType = sourcecode.swift; path = MainCollectionCell.swift; sourceTree = "<group>"; };
/* End PBXFileReference section */

/* Begin PBXFrameworksBuildPhase section */
		BAEFFFBB2A802DC700AA1E80 /* Frameworks */ = {
			isa = PBXFrameworksBuildPhase;
			buildActionMask = 2147483647;
			files = (
			);
			runOnlyForDeploymentPostprocessing = 0;
		};
/* End PBXFrameworksBuildPhase section */

/* Begin PBXGroup section */
		BA0EE87C2A826B08005361D6 /* Extensions */ = {
			isa = PBXGroup;
			children = (
				BA0EE87D2A826B18005361D6 /* UIImage + Extension.swift */,
			);
			path = Extensions;
			sourceTree = "<group>";
		};
		BAEFFFB52A802DC700AA1E80 = {
			isa = PBXGroup;
			children = (
				BAEFFFC02A802DC700AA1E80 /* CollectionView_Practice */,
				BAEFFFBF2A802DC700AA1E80 /* Products */,
			);
			sourceTree = "<group>";
		};
		BAEFFFBF2A802DC700AA1E80 /* Products */ = {
			isa = PBXGroup;
			children = (
				BAEFFFBE2A802DC700AA1E80 /* CollectionView_Practice.app */,
			);
			name = Products;
			sourceTree = "<group>";
		};
		BAEFFFC02A802DC700AA1E80 /* CollectionView_Practice */ = {
			isa = PBXGroup;
			children = (
				BA0EE87C2A826B08005361D6 /* Extensions */,
				BAEFFFDF2A803C9D00AA1E80 /* AdditionalFiles */,
				BAEFFFDE2A803C8A00AA1E80 /* Delegates */,
				BAEFFFDC2A803C7A00AA1E80 /* MainPage */,
				BAEFFFCF2A802DC900AA1E80 /* Info.plist */,
			);
			path = CollectionView_Practice;
			sourceTree = "<group>";
		};
		BAEFFFDC2A803C7A00AA1E80 /* MainPage */ = {
			isa = PBXGroup;
			children = (
				BAEFFFDD2A803C8100AA1E80 /* Ui */,
			);
			path = MainPage;
			sourceTree = "<group>";
		};
		BAEFFFDD2A803C8100AA1E80 /* Ui */ = {
			isa = PBXGroup;
			children = (
				BAEFFFE02A803CB900AA1E80 /* Cells */,
				BAEFFFC52A802DC700AA1E80 /* ViewController.swift */,
				BAEFFFC72A802DC700AA1E80 /* Main.storyboard */,
			);
			path = Ui;
			sourceTree = "<group>";
		};
		BAEFFFDE2A803C8A00AA1E80 /* Delegates */ = {
			isa = PBXGroup;
			children = (
				BAEFFFC12A802DC700AA1E80 /* AppDelegate.swift */,
				BAEFFFC32A802DC700AA1E80 /* SceneDelegate.swift */,
			);
			path = Delegates;
			sourceTree = "<group>";
		};
		BAEFFFDF2A803C9D00AA1E80 /* AdditionalFiles */ = {
			isa = PBXGroup;
			children = (
				BAEFFFCA2A802DC900AA1E80 /* Assets.xcassets */,
				BAEFFFCC2A802DC900AA1E80 /* LaunchScreen.storyboard */,
			);
			path = AdditionalFiles;
			sourceTree = "<group>";
		};
		BAEFFFE02A803CB900AA1E80 /* Cells */ = {
			isa = PBXGroup;
			children = (
				BAEFFFE12A803CC800AA1E80 /* MainCollectionCell.swift */,
				BA0EE87A2A8258BB005361D6 /* MainCollectionReusableView.swift */,
			);
			path = Cells;
			sourceTree = "<group>";
		};
/* End PBXGroup section */

/* Begin PBXNativeTarget section */
		BAEFFFBD2A802DC700AA1E80 /* CollectionView_Practice */ = {
			isa = PBXNativeTarget;
			buildConfigurationList = BAEFFFD22A802DC900AA1E80 /* Build configuration list for PBXNativeTarget "CollectionView_Practice" */;
			buildPhases = (
				BAEFFFBA2A802DC700AA1E80 /* Sources */,
				BAEFFFBB2A802DC700AA1E80 /* Frameworks */,
				BAEFFFBC2A802DC700AA1E80 /* Resources */,
			);
			buildRules = (
			);
			dependencies = (
			);
			name = CollectionView_Practice;
			productName = CollectionView_Practice;
			productReference = BAEFFFBE2A802DC700AA1E80 /* CollectionView_Practice.app */;
			productType = "com.apple.product-type.application";
		};
/* End PBXNativeTarget section */

/* Begin PBXProject section */
		BAEFFFB62A802DC700AA1E80 /* Project object */ = {
			isa = PBXProject;
			attributes = {
				BuildIndependentTargetsInParallel = 1;
				LastSwiftUpdateCheck = 1430;
				LastUpgradeCheck = 1430;
				TargetAttributes = {
					BAEFFFBD2A802DC700AA1E80 = {
						CreatedOnToolsVersion = 14.3.1;
					};
				};
			};
			buildConfigurationList = BAEFFFB92A802DC700AA1E80 /* Build configuration list for PBXProject "CollectionView_Practice" */;
			compatibilityVersion = "Xcode 14.0";
			developmentRegion = en;
			hasScannedForEncodings = 0;
			knownRegions = (
				en,
				Base,
			);
			mainGroup = BAEFFFB52A802DC700AA1E80;
			productRefGroup = BAEFFFBF2A802DC700AA1E80 /* Products */;
			projectDirPath = "";
			projectRoot = "";
			targets = (
				BAEFFFBD2A802DC700AA1E80 /* CollectionView_Practice */,
			);
		};
/* End PBXProject section */

/* Begin PBXResourcesBuildPhase section */
		BAEFFFBC2A802DC700AA1E80 /* Resources */ = {
			isa = PBXResourcesBuildPhase;
			buildActionMask = 2147483647;
			files = (
				BAEFFFCE2A802DC900AA1E80 /* LaunchScreen.storyboard in Resources */,
				BAEFFFCB2A802DC900AA1E80 /* Assets.xcassets in Resources */,
				BAEFFFC92A802DC700AA1E80 /* Main.storyboard in Resources */,
			);
			runOnlyForDeploymentPostprocessing = 0;
		};
/* End PBXResourcesBuildPhase section */

/* Begin PBXSourcesBuildPhase section */
		BAEFFFBA2A802DC700AA1E80 /* Sources */ = {
			isa = PBXSourcesBuildPhase;
			buildActionMask = 2147483647;
			files = (
				BAEFFFE22A803CC800AA1E80 /* MainCollectionCell.swift in Sources */,
				BAEFFFC62A802DC700AA1E80 /* ViewController.swift in Sources */,
				BAEFFFC22A802DC700AA1E80 /* AppDelegate.swift in Sources */,
				BAEFFFC42A802DC700AA1E80 /* SceneDelegate.swift in Sources */,
				BA0EE87B2A8258BB005361D6 /* MainCollectionReusableView.swift in Sources */,
				BA0EE87E2A826B18005361D6 /* UIImage + Extension.swift in Sources */,
			);
			runOnlyForDeploymentPostprocessing = 0;
		};
/* End PBXSourcesBuildPhase section */

/* Begin PBXVariantGroup section */
		BAEFFFC72A802DC700AA1E80 /* Main.storyboard */ = {
			isa = PBXVariantGroup;
			children = (
				BAEFFFC82A802DC700AA1E80 /* Base */,
			);
			name = Main.storyboard;
			sourceTree = "<group>";
		};
		BAEFFFCC2A802DC900AA1E80 /* LaunchScreen.storyboard */ = {
			isa = PBXVariantGroup;
			children = (
				BAEFFFCD2A802DC900AA1E80 /* Base */,
			);
			name = LaunchScreen.storyboard;
			sourceTree = "<group>";
		};
/* End PBXVariantGroup section */

/* Begin XCBuildConfiguration section */
		BAEFFFD02A802DC900AA1E80 /* Debug */ = {
			isa = XCBuildConfiguration;
			buildSettings = {
				ALWAYS_SEARCH_USER_PATHS = NO;
				CLANG_ANALYZER_NONNULL = YES;
				CLANG_ANALYZER_NUMBER_OBJECT_CONVERSION = YES_AGGRESSIVE;
				CLANG_CXX_LANGUAGE_STANDARD = "gnu++20";
				CLANG_ENABLE_MODULES = YES;
				CLANG_ENABLE_OBJC_ARC = YES;
				CLANG_ENABLE_OBJC_WEAK = YES;
				CLANG_WARN_BLOCK_CAPTURE_AUTORELEASING = YES;
				CLANG_WARN_BOOL_CONVERSION = YES;
				CLANG_WARN_COMMA = YES;
				CLANG_WARN_CONSTANT_CONVERSION = YES;
				CLANG_WARN_DEPRECATED_OBJC_IMPLEMENTATIONS = YES;
				CLANG_WARN_DIRECT_OBJC_ISA_USAGE = YES_ERROR;
				CLANG_WARN_DOCUMENTATION_COMMENTS = YES;
				CLANG_WARN_EMPTY_BODY = YES;
				CLANG_WARN_ENUM_CONVERSION = YES;
				CLANG_WARN_INFINITE_RECURSION = YES;
				CLANG_WARN_INT_CONVERSION = YES;
				CLANG_WARN_NON_LITERAL_NULL_CONVERSION = YES;
				CLANG_WARN_OBJC_IMPLICIT_RETAIN_SELF = YES;
				CLANG_WARN_OBJC_LITERAL_CONVERSION = YES;
				CLANG_WARN_OBJC_ROOT_CLASS = YES_ERROR;
				CLANG_WARN_QUOTED_INCLUDE_IN_FRAMEWORK_HEADER = YES;
				CLANG_WARN_RANGE_LOOP_ANALYSIS = YES;
				CLANG_WARN_STRICT_PROTOTYPES = YES;
				CLANG_WARN_SUSPICIOUS_MOVE = YES;
				CLANG_WARN_UNGUARDED_AVAILABILITY = YES_AGGRESSIVE;
				CLANG_WARN_UNREACHABLE_CODE = YES;
				CLANG_WARN__DUPLICATE_METHOD_MATCH = YES;
				COPY_PHASE_STRIP = NO;
				DEBUG_INFORMATION_FORMAT = dwarf;
				ENABLE_STRICT_OBJC_MSGSEND = YES;
				ENABLE_TESTABILITY = YES;
				GCC_C_LANGUAGE_STANDARD = gnu11;
				GCC_DYNAMIC_NO_PIC = NO;
				GCC_NO_COMMON_BLOCKS = YES;
				GCC_OPTIMIZATION_LEVEL = 0;
				GCC_PREPROCESSOR_DEFINITIONS = (
					"DEBUG=1",
					"$(inherited)",
				);
				GCC_WARN_64_TO_32_BIT_CONVERSION = YES;
				GCC_WARN_ABOUT_RETURN_TYPE = YES_ERROR;
				GCC_WARN_UNDECLARED_SELECTOR = YES;
				GCC_WARN_UNINITIALIZED_AUTOS = YES_AGGRESSIVE;
				GCC_WARN_UNUSED_FUNCTION = YES;
				GCC_WARN_UNUSED_VARIABLE = YES;
				IPHONEOS_DEPLOYMENT_TARGET = 16.4;
				MTL_ENABLE_DEBUG_INFO = INCLUDE_SOURCE;
				MTL_FAST_MATH = YES;
				ONLY_ACTIVE_ARCH = YES;
				SDKROOT = iphoneos;
				SWIFT_ACTIVE_COMPILATION_CONDITIONS = DEBUG;
				SWIFT_OPTIMIZATION_LEVEL = "-Onone";
			};
			name = Debug;
		};
		BAEFFFD12A802DC900AA1E80 /* Release */ = {
			isa = XCBuildConfiguration;
			buildSettings = {
				ALWAYS_SEARCH_USER_PATHS = NO;
				CLANG_ANALYZER_NONNULL = YES;
				CLANG_ANALYZER_NUMBER_OBJECT_CONVERSION = YES_AGGRESSIVE;
				CLANG_CXX_LANGUAGE_STANDARD = "gnu++20";
				CLANG_ENABLE_MODULES = YES;
				CLANG_ENABLE_OBJC_ARC = YES;
				CLANG_ENABLE_OBJC_WEAK = YES;
				CLANG_WARN_BLOCK_CAPTURE_AUTORELEASING = YES;
				CLANG_WARN_BOOL_CONVERSION = YES;
				CLANG_WARN_COMMA = YES;
				CLANG_WARN_CONSTANT_CONVERSION = YES;
				CLANG_WARN_DEPRECATED_OBJC_IMPLEMENTATIONS = YES;
				CLANG_WARN_DIRECT_OBJC_ISA_USAGE = YES_ERROR;
				CLANG_WARN_DOCUMENTATION_COMMENTS = YES;
				CLANG_WARN_EMPTY_BODY = YES;
				CLANG_WARN_ENUM_CONVERSION = YES;
				CLANG_WARN_INFINITE_RECURSION = YES;
				CLANG_WARN_INT_CONVERSION = YES;
				CLANG_WARN_NON_LITERAL_NULL_CONVERSION = YES;
				CLANG_WARN_OBJC_IMPLICIT_RETAIN_SELF = YES;
				CLANG_WARN_OBJC_LITERAL_CONVERSION = YES;
				CLANG_WARN_OBJC_ROOT_CLASS = YES_ERROR;
				CLANG_WARN_QUOTED_INCLUDE_IN_FRAMEWORK_HEADER = YES;
				CLANG_WARN_RANGE_LOOP_ANALYSIS = YES;
				CLANG_WARN_STRICT_PROTOTYPES = YES;
				CLANG_WARN_SUSPICIOUS_MOVE = YES;
				CLANG_WARN_UNGUARDED_AVAILABILITY = YES_AGGRESSIVE;
				CLANG_WARN_UNREACHABLE_CODE = YES;
				CLANG_WARN__DUPLICATE_METHOD_MATCH = YES;
				COPY_PHASE_STRIP = NO;
				DEBUG_INFORMATION_FORMAT = "dwarf-with-dsym";
				ENABLE_NS_ASSERTIONS = NO;
				ENABLE_STRICT_OBJC_MSGSEND = YES;
				GCC_C_LANGUAGE_STANDARD = gnu11;
				GCC_NO_COMMON_BLOCKS = YES;
				GCC_WARN_64_TO_32_BIT_CONVERSION = YES;
				GCC_WARN_ABOUT_RETURN_TYPE = YES_ERROR;
				GCC_WARN_UNDECLARED_SELECTOR = YES;
				GCC_WARN_UNINITIALIZED_AUTOS = YES_AGGRESSIVE;
				GCC_WARN_UNUSED_FUNCTION = YES;
				GCC_WARN_UNUSED_VARIABLE = YES;
				IPHONEOS_DEPLOYMENT_TARGET = 16.4;
				MTL_ENABLE_DEBUG_INFO = NO;
				MTL_FAST_MATH = YES;
				SDKROOT = iphoneos;
				SWIFT_COMPILATION_MODE = wholemodule;
				SWIFT_OPTIMIZATION_LEVEL = "-O";
				VALIDATE_PRODUCT = YES;
			};
			name = Release;
		};
		BAEFFFD32A802DC900AA1E80 /* Debug */ = {
			isa = XCBuildConfiguration;
			buildSettings = {
				ASSETCATALOG_COMPILER_APPICON_NAME = AppIcon;
				ASSETCATALOG_COMPILER_GLOBAL_ACCENT_COLOR_NAME = AccentColor;
				CODE_SIGN_STYLE = Automatic;
				CURRENT_PROJECT_VERSION = 1;
				DEVELOPMENT_TEAM = L4H488SRYA;
				GENERATE_INFOPLIST_FILE = YES;
				INFOPLIST_FILE = CollectionView_Practice/Info.plist;
				INFOPLIST_KEY_UIApplicationSupportsIndirectInputEvents = YES;
				INFOPLIST_KEY_UILaunchStoryboardName = LaunchScreen;
				INFOPLIST_KEY_UIMainStoryboardFile = Main;
				INFOPLIST_KEY_UISupportedInterfaceOrientations_iPad = "UIInterfaceOrientationPortrait UIInterfaceOrientationPortraitUpsideDown UIInterfaceOrientationLandscapeLeft UIInterfaceOrientationLandscapeRight";
				INFOPLIST_KEY_UISupportedInterfaceOrientations_iPhone = "UIInterfaceOrientationPortrait UIInterfaceOrientationLandscapeLeft UIInterfaceOrientationLandscapeRight";
				LD_RUNPATH_SEARCH_PATHS = (
					"$(inherited)",
					"@executable_path/Frameworks",
				);
				MARKETING_VERSION = 1.0;
				PRODUCT_BUNDLE_IDENTIFIER = "Pride.CollectionView-Practice";
				PRODUCT_NAME = "$(TARGET_NAME)";
				SWIFT_EMIT_LOC_STRINGS = YES;
				SWIFT_VERSION = 5.0;
				TARGETED_DEVICE_FAMILY = "1,2";
			};
			name = Debug;
		};
		BAEFFFD42A802DC900AA1E80 /* Release */ = {
			isa = XCBuildConfiguration;
			buildSettings = {
				ASSETCATALOG_COMPILER_APPICON_NAME = AppIcon;
				ASSETCATALOG_COMPILER_GLOBAL_ACCENT_COLOR_NAME = AccentColor;
				CODE_SIGN_STYLE = Automatic;
				CURRENT_PROJECT_VERSION = 1;
				DEVELOPMENT_TEAM = L4H488SRYA;
				GENERATE_INFOPLIST_FILE = YES;
				INFOPLIST_FILE = CollectionView_Practice/Info.plist;
				INFOPLIST_KEY_UIApplicationSupportsIndirectInputEvents = YES;
				INFOPLIST_KEY_UILaunchStoryboardName = LaunchScreen;
				INFOPLIST_KEY_UIMainStoryboardFile = Main;
				INFOPLIST_KEY_UISupportedInterfaceOrientations_iPad = "UIInterfaceOrientationPortrait UIInterfaceOrientationPortraitUpsideDown UIInterfaceOrientationLandscapeLeft UIInterfaceOrientationLandscapeRight";
				INFOPLIST_KEY_UISupportedInterfaceOrientations_iPhone = "UIInterfaceOrientationPortrait UIInterfaceOrientationLandscapeLeft UIInterfaceOrientationLandscapeRight";
				LD_RUNPATH_SEARCH_PATHS = (
					"$(inherited)",
					"@executable_path/Frameworks",
				);
				MARKETING_VERSION = 1.0;
				PRODUCT_BUNDLE_IDENTIFIER = "Pride.CollectionView-Practice";
				PRODUCT_NAME = "$(TARGET_NAME)";
				SWIFT_EMIT_LOC_STRINGS = YES;
				SWIFT_VERSION = 5.0;
				TARGETED_DEVICE_FAMILY = "1,2";
			};
			name = Release;
		};
/* End XCBuildConfiguration section */

/* Begin XCConfigurationList section */
		BAEFFFB92A802DC700AA1E80 /* Build configuration list for PBXProject "CollectionView_Practice" */ = {
			isa = XCConfigurationList;
			buildConfigurations = (
				BAEFFFD02A802DC900AA1E80 /* Debug */,
				BAEFFFD12A802DC900AA1E80 /* Release */,
			);
			defaultConfigurationIsVisible = 0;
			defaultConfigurationName = Release;
		};
		BAEFFFD22A802DC900AA1E80 /* Build configuration list for PBXNativeTarget "CollectionView_Practice" */ = {
			isa = XCConfigurationList;
			buildConfigurations = (
				BAEFFFD32A802DC900AA1E80 /* Debug */,
				BAEFFFD42A802DC900AA1E80 /* Release */,
			);
			defaultConfigurationIsVisible = 0;
			defaultConfigurationName = Release;
		};
/* End XCConfigurationList section */
	};
	rootObject = BAEFFFB62A802DC700AA1E80 /* Project object */;
}
